// !$*UTF8*$!
{
	archiveVersion = 1;
	classes = {
	};
	objectVersion = 50;
	objects = {

/* Begin PBXBuildFile section */
		E7DCB71C26004C2E00EA5613 /* M4_c5App.swift in Sources */ = {isa = PBXBuildFile; fileRef = E7DCB71B26004C2E00EA5613 /* M4_c5App.swift */; };
		E7DCB71E26004C2E00EA5613 /* PeopleListView.swift in Sources */ = {isa = PBXBuildFile; fileRef = E7DCB71D26004C2E00EA5613 /* PeopleListView.swift */; };
		E7DCB72026004C3000EA5613 /* Assets.xcassets in Resources */ = {isa = PBXBuildFile; fileRef = E7DCB71F26004C3000EA5613 /* Assets.xcassets */; };
		E7DCB72326004C3000EA5613 /* Preview Assets.xcassets in Resources */ = {isa = PBXBuildFile; fileRef = E7DCB72226004C3000EA5613 /* Preview Assets.xcassets */; };
		E7DCB72C26004C4E00EA5613 /* PeopleTabView.swift in Sources */ = {isa = PBXBuildFile; fileRef = E7DCB72B26004C4E00EA5613 /* PeopleTabView.swift */; };
		E7DCB73026004C9100EA5613 /* People.swift in Sources */ = {isa = PBXBuildFile; fileRef = E7DCB72F26004C9100EA5613 /* People.swift */; };
		E7DCB73426004D1200EA5613 /* PeopleModel.swift in Sources */ = {isa = PBXBuildFile; fileRef = E7DCB73326004D1200EA5613 /* PeopleModel.swift */; };
		E7DCB73B26004EAD00EA5613 /* people.json in Resources */ = {isa = PBXBuildFile; fileRef = E7DCB73A26004EAD00EA5613 /* people.json */; };
		E7DCB73E26004EC100EA5613 /* DataService.swift in Sources */ = {isa = PBXBuildFile; fileRef = E7DCB73D26004EC100EA5613 /* DataService.swift */; };
		E7DCB7432600539500EA5613 /* PeopleDetailView.swift in Sources */ = {isa = PBXBuildFile; fileRef = E7DCB7422600539500EA5613 /* PeopleDetailView.swift */; };
/* End PBXBuildFile section */

/* Begin PBXFileReference section */
		E7DCB71826004C2E00EA5613 /* M4.c5.app */ = {isa = PBXFileReference; explicitFileType = wrapper.application; includeInIndex = 0; path = M4.c5.app; sourceTree = BUILT_PRODUCTS_DIR; };
		E7DCB71B26004C2E00EA5613 /* M4_c5App.swift */ = {isa = PBXFileReference; lastKnownFileType = sourcecode.swift; path = M4_c5App.swift; sourceTree = "<group>"; };
		E7DCB71D26004C2E00EA5613 /* PeopleListView.swift */ = {isa = PBXFileReference; lastKnownFileType = sourcecode.swift; path = PeopleListView.swift; sourceTree = "<group>"; };
		E7DCB71F26004C3000EA5613 /* Assets.xcassets */ = {isa = PBXFileReference; lastKnownFileType = folder.assetcatalog; path = Assets.xcassets; sourceTree = "<group>"; };
		E7DCB72226004C3000EA5613 /* Preview Assets.xcassets */ = {isa = PBXFileReference; lastKnownFileType = folder.assetcatalog; path = "Preview Assets.xcassets"; sourceTree = "<group>"; };
		E7DCB72426004C3000EA5613 /* Info.plist */ = {isa = PBXFileReference; lastKnownFileType = text.plist.xml; path = Info.plist; sourceTree = "<group>"; };
		E7DCB72B26004C4E00EA5613 /* PeopleTabView.swift */ = {isa = PBXFileReference; lastKnownFileType = sourcecode.swift; path = PeopleTabView.swift; sourceTree = "<group>"; };
		E7DCB72F26004C9100EA5613 /* People.swift */ = {isa = PBXFileReference; lastKnownFileType = sourcecode.swift; path = People.swift; sourceTree = "<group>"; };
		E7DCB73326004D1200EA5613 /* PeopleModel.swift */ = {isa = PBXFileReference; lastKnownFileType = sourcecode.swift; path = PeopleModel.swift; sourceTree = "<group>"; };
		E7DCB73A26004EAD00EA5613 /* people.json */ = {isa = PBXFileReference; lastKnownFileType = text.json; path = people.json; sourceTree = "<group>"; };
		E7DCB73D26004EC100EA5613 /* DataService.swift */ = {isa = PBXFileReference; lastKnownFileType = sourcecode.swift; path = DataService.swift; sourceTree = "<group>"; };
		E7DCB7422600539500EA5613 /* PeopleDetailView.swift */ = {isa = PBXFileReference; lastKnownFileType = sourcecode.swift; path = PeopleDetailView.swift; sourceTree = "<group>"; };
/* End PBXFileReference section */

/* Begin PBXFrameworksBuildPhase section */
		E7DCB71526004C2E00EA5613 /* Frameworks */ = {
			isa = PBXFrameworksBuildPhase;
			buildActionMask = 2147483647;
			files = (
			);
			runOnlyForDeploymentPostprocessing = 0;
		};
/* End PBXFrameworksBuildPhase section */

/* Begin PBXGroup section */
		E7DCB70F26004C2E00EA5613 = {
			isa = PBXGroup;
			children = (
				E7DCB71A26004C2E00EA5613 /* M4.c5 */,
				E7DCB71926004C2E00EA5613 /* Products */,
			);
			sourceTree = "<group>";
		};
		E7DCB71926004C2E00EA5613 /* Products */ = {
			isa = PBXGroup;
			children = (
				E7DCB71826004C2E00EA5613 /* M4.c5.app */,
			);
			name = Products;
			sourceTree = "<group>";
		};
		E7DCB71A26004C2E00EA5613 /* M4.c5 */ = {
			isa = PBXGroup;
			children = (
				E7DCB71B26004C2E00EA5613 /* M4_c5App.swift */,
				E7DCB73726004DDE00EA5613 /* Views */,
				E7DCB73926004DF000EA5613 /* Service */,
				E7DCB73826004DEA00EA5613 /* Data */,
				E7DCB73226004D0100EA5613 /* ViewModels */,
				E7DCB72E26004C8000EA5613 /* Models */,
				E7DCB71F26004C3000EA5613 /* Assets.xcassets */,
				E7DCB72426004C3000EA5613 /* Info.plist */,
				E7DCB72126004C3000EA5613 /* Preview Content */,
			);
			path = M4.c5;
			sourceTree = "<group>";
		};
		E7DCB72126004C3000EA5613 /* Preview Content */ = {
			isa = PBXGroup;
			children = (
				E7DCB72226004C3000EA5613 /* Preview Assets.xcassets */,
			);
			path = "Preview Content";
			sourceTree = "<group>";
		};
		E7DCB72E26004C8000EA5613 /* Models */ = {
			isa = PBXGroup;
			children = (
				E7DCB72F26004C9100EA5613 /* People.swift */,
			);
			path = Models;
			sourceTree = "<group>";
		};
		E7DCB73226004D0100EA5613 /* ViewModels */ = {
			isa = PBXGroup;
			children = (
				E7DCB73326004D1200EA5613 /* PeopleModel.swift */,
			);
			path = ViewModels;
			sourceTree = "<group>";
		};
		E7DCB73726004DDE00EA5613 /* Views */ = {
			isa = PBXGroup;
			children = (
				E7DCB72B26004C4E00EA5613 /* PeopleTabView.swift */,
				E7DCB71D26004C2E00EA5613 /* PeopleListView.swift */,
				E7DCB7422600539500EA5613 /* PeopleDetailView.swift */,
			);
			path = Views;
			sourceTree = "<group>";
		};
		E7DCB73826004DEA00EA5613 /* Data */ = {
			isa = PBXGroup;
			children = (
				E7DCB73A26004EAD00EA5613 /* people.json */,
			);
			path = Data;
			sourceTree = "<group>";
		};
		E7DCB73926004DF000EA5613 /* Service */ = {
			isa = PBXGroup;
			children = (
				E7DCB73D26004EC100EA5613 /* DataService.swift */,
			);
			path = Service;
			sourceTree = "<group>";
		};
/* End PBXGroup section */

/* Begin PBXNativeTarget section */
		E7DCB71726004C2E00EA5613 /* M4.c5 */ = {
			isa = PBXNativeTarget;
			buildConfigurationList = E7DCB72726004C3000EA5613 /* Build configuration list for PBXNativeTarget "M4.c5" */;
			buildPhases = (
				E7DCB71426004C2E00EA5613 /* Sources */,
				E7DCB71526004C2E00EA5613 /* Frameworks */,
				E7DCB71626004C2E00EA5613 /* Resources */,
			);
			buildRules = (
			);
			dependencies = (
			);
			name = M4.c5;
			productName = M4.c5;
			productReference = E7DCB71826004C2E00EA5613 /* M4.c5.app */;
			productType = "com.apple.product-type.application";
		};
/* End PBXNativeTarget section */

/* Begin PBXProject section */
		E7DCB71026004C2E00EA5613 /* Project object */ = {
			isa = PBXProject;
			attributes = {
				LastSwiftUpdateCheck = 1240;
				LastUpgradeCheck = 1240;
				TargetAttributes = {
					E7DCB71726004C2E00EA5613 = {
						CreatedOnToolsVersion = 12.4;
					};
				};
			};
			buildConfigurationList = E7DCB71326004C2E00EA5613 /* Build configuration list for PBXProject "M4.c5" */;
			compatibilityVersion = "Xcode 9.3";
			developmentRegion = en;
			hasScannedForEncodings = 0;
			knownRegions = (
				en,
				Base,
			);
			mainGroup = E7DCB70F26004C2E00EA5613;
			productRefGroup = E7DCB71926004C2E00EA5613 /* Products */;
			projectDirPath = "";
			projectRoot = "";
			targets = (
				E7DCB71726004C2E00EA5613 /* M4.c5 */,
			);
		};
/* End PBXProject section */

/* Begin PBXResourcesBuildPhase section */
		E7DCB71626004C2E00EA5613 /* Resources */ = {
			isa = PBXResourcesBuildPhase;
			buildActionMask = 2147483647;
			files = (
				E7DCB72326004C3000EA5613 /* Preview Assets.xcassets in Resources */,
				E7DCB72026004C3000EA5613 /* Assets.xcassets in Resources */,
				E7DCB73B26004EAD00EA5613 /* people.json in Resources */,
			);
			runOnlyForDeploymentPostprocessing = 0;
		};
/* End PBXResourcesBuildPhase section */

/* Begin PBXSourcesBuildPhase section */
		E7DCB71426004C2E00EA5613 /* Sources */ = {
			isa = PBXSourcesBuildPhase;
			buildActionMask = 2147483647;
			files = (
				E7DCB73426004D1200EA5613 /* PeopleModel.swift in Sources */,
				E7DCB7432600539500EA5613 /* PeopleDetailView.swift in Sources */,
				E7DCB73026004C9100EA5613 /* People.swift in Sources */,
				E7DCB72C26004C4E00EA5613 /* PeopleTabView.swift in Sources */,
				E7DCB73E26004EC100EA5613 /* DataService.swift in Sources */,
				E7DCB71E26004C2E00EA5613 /* PeopleListView.swift in Sources */,
				E7DCB71C26004C2E00EA5613 /* M4_c5App.swift in Sources */,
			);
			runOnlyForDeploymentPostprocessing = 0;
		};
/* End PBXSourcesBuildPhase section */

/* Begin XCBuildConfiguration section */
		E7DCB72526004C3000EA5613 /* Debug */ = {
			isa = XCBuildConfiguration;
			buildSettings = {
				ALWAYS_SEARCH_USER_PATHS = NO;
				CLANG_ANALYZER_NONNULL = YES;
				CLANG_ANALYZER_NUMBER_OBJECT_CONVERSION = YES_AGGRESSIVE;
				CLANG_CXX_LANGUAGE_STANDARD = "gnu++14";
				CLANG_CXX_LIBRARY = "libc++";
				CLANG_ENABLE_MODULES = YES;
				CLANG_ENABLE_OBJC_ARC = YES;
				CLANG_ENABLE_OBJC_WEAK = YES;
				CLANG_WARN_BLOCK_CAPTURE_AUTORELEASING = YES;
				CLANG_WARN_BOOL_CONVERSION = YES;
				CLANG_WARN_COMMA = YES;
				CLANG_WARN_CONSTANT_CONVERSION = YES;
				CLANG_WARN_DEPRECATED_OBJC_IMPLEMENTATIONS = YES;
				CLANG_WARN_DIRECT_OBJC_ISA_USAGE = YES_ERROR;
				CLANG_WARN_DOCUMENTATION_COMMENTS = YES;
				CLANG_WARN_EMPTY_BODY = YES;
				CLANG_WARN_ENUM_CONVERSION = YES;
				CLANG_WARN_INFINITE_RECURSION = YES;
				CLANG_WARN_INT_CONVERSION = YES;
				CLANG_WARN_NON_LITERAL_NULL_CONVERSION = YES;
				CLANG_WARN_OBJC_IMPLICIT_RETAIN_SELF = YES;
				CLANG_WARN_OBJC_LITERAL_CONVERSION = YES;
				CLANG_WARN_OBJC_ROOT_CLASS = YES_ERROR;
				CLANG_WARN_QUOTED_INCLUDE_IN_FRAMEWORK_HEADER = YES;
				CLANG_WARN_RANGE_LOOP_ANALYSIS = YES;
				CLANG_WARN_STRICT_PROTOTYPES = YES;
				CLANG_WARN_SUSPICIOUS_MOVE = YES;
				CLANG_WARN_UNGUARDED_AVAILABILITY = YES_AGGRESSIVE;
				CLANG_WARN_UNREACHABLE_CODE = YES;
				CLANG_WARN__DUPLICATE_METHOD_MATCH = YES;
				COPY_PHASE_STRIP = NO;
				DEBUG_INFORMATION_FORMAT = dwarf;
				ENABLE_STRICT_OBJC_MSGSEND = YES;
				ENABLE_TESTABILITY = YES;
				GCC_C_LANGUAGE_STANDARD = gnu11;
				GCC_DYNAMIC_NO_PIC = NO;
				GCC_NO_COMMON_BLOCKS = YES;
				GCC_OPTIMIZATION_LEVEL = 0;
				GCC_PREPROCESSOR_DEFINITIONS = (
					"DEBUG=1",
					"$(inherited)",
				);
				GCC_WARN_64_TO_32_BIT_CONVERSION = YES;
				GCC_WARN_ABOUT_RETURN_TYPE = YES_ERROR;
				GCC_WARN_UNDECLARED_SELECTOR = YES;
				GCC_WARN_UNINITIALIZED_AUTOS = YES_AGGRESSIVE;
				GCC_WARN_UNUSED_FUNCTION = YES;
				GCC_WARN_UNUSED_VARIABLE = YES;
				IPHONEOS_DEPLOYMENT_TARGET = 14.4;
				MTL_ENABLE_DEBUG_INFO = INCLUDE_SOURCE;
				MTL_FAST_MATH = YES;
				ONLY_ACTIVE_ARCH = YES;
				SDKROOT = iphoneos;
				SWIFT_ACTIVE_COMPILATION_CONDITIONS = DEBUG;
				SWIFT_OPTIMIZATION_LEVEL = "-Onone";
			};
			name = Debug;
		};
		E7DCB72626004C3000EA5613 /* Release */ = {
			isa = XCBuildConfiguration;
			buildSettings = {
				ALWAYS_SEARCH_USER_PATHS = NO;
				CLANG_ANALYZER_NONNULL = YES;
				CLANG_ANALYZER_NUMBER_OBJECT_CONVERSION = YES_AGGRESSIVE;
				CLANG_CXX_LANGUAGE_STANDARD = "gnu++14";
				CLANG_CXX_LIBRARY = "libc++";
				CLANG_ENABLE_MODULES = YES;
				CLANG_ENABLE_OBJC_ARC = YES;
				CLANG_ENABLE_OBJC_WEAK = YES;
				CLANG_WARN_BLOCK_CAPTURE_AUTORELEASING = YES;
				CLANG_WARN_BOOL_CONVERSION = YES;
				CLANG_WARN_COMMA = YES;
				CLANG_WARN_CONSTANT_CONVERSION = YES;
				CLANG_WARN_DEPRECATED_OBJC_IMPLEMENTATIONS = YES;
				CLANG_WARN_DIRECT_OBJC_ISA_USAGE = YES_ERROR;
				CLANG_WARN_DOCUMENTATION_COMMENTS = YES;
				CLANG_WARN_EMPTY_BODY = YES;
				CLANG_WARN_ENUM_CONVERSION = YES;
				CLANG_WARN_INFINITE_RECURSION = YES;
				CLANG_WARN_INT_CONVERSION = YES;
				CLANG_WARN_NON_LITERAL_NULL_CONVERSION = YES;
				CLANG_WARN_OBJC_IMPLICIT_RETAIN_SELF = YES;
				CLANG_WARN_OBJC_LITERAL_CONVERSION = YES;
				CLANG_WARN_OBJC_ROOT_CLASS = YES_ERROR;
				CLANG_WARN_QUOTED_INCLUDE_IN_FRAMEWORK_HEADER = YES;
				CLANG_WARN_RANGE_LOOP_ANALYSIS = YES;
				CLANG_WARN_STRICT_PROTOTYPES = YES;
				CLANG_WARN_SUSPICIOUS_MOVE = YES;
				CLANG_WARN_UNGUARDED_AVAILABILITY = YES_AGGRESSIVE;
				CLANG_WARN_UNREACHABLE_CODE = YES;
				CLANG_WARN__DUPLICATE_METHOD_MATCH = YES;
				COPY_PHASE_STRIP = NO;
				DEBUG_INFORMATION_FORMAT = "dwarf-with-dsym";
				ENABLE_NS_ASSERTIONS = NO;
				ENABLE_STRICT_OBJC_MSGSEND = YES;
				GCC_C_LANGUAGE_STANDARD = gnu11;
				GCC_NO_COMMON_BLOCKS = YES;
				GCC_WARN_64_TO_32_BIT_CONVERSION = YES;
				GCC_WARN_ABOUT_RETURN_TYPE = YES_ERROR;
				GCC_WARN_UNDECLARED_SELECTOR = YES;
				GCC_WARN_UNINITIALIZED_AUTOS = YES_AGGRESSIVE;
				GCC_WARN_UNUSED_FUNCTION = YES;
				GCC_WARN_UNUSED_VARIABLE = YES;
				IPHONEOS_DEPLOYMENT_TARGET = 14.4;
				MTL_ENABLE_DEBUG_INFO = NO;
				MTL_FAST_MATH = YES;
				SDKROOT = iphoneos;
				SWIFT_COMPILATION_MODE = wholemodule;
				SWIFT_OPTIMIZATION_LEVEL = "-O";
				VALIDATE_PRODUCT = YES;
			};
			name = Release;
		};
		E7DCB72826004C3000EA5613 /* Debug */ = {
			isa = XCBuildConfiguration;
			buildSettings = {
				ASSETCATALOG_COMPILER_APPICON_NAME = AppIcon;
				ASSETCATALOG_COMPILER_GLOBAL_ACCENT_COLOR_NAME = AccentColor;
				CODE_SIGN_STYLE = Automatic;
				DEVELOPMENT_ASSET_PATHS = "\"M4.c5/Preview Content\"";
				DEVELOPMENT_TEAM = Y4YGY2HV5Y;
				ENABLE_PREVIEWS = YES;
				INFOPLIST_FILE = M4.c5/Info.plist;
				IPHONEOS_DEPLOYMENT_TARGET = 14.0;
				LD_RUNPATH_SEARCH_PATHS = (
					"$(inherited)",
					"@executable_path/Frameworks",
				);
				PRODUCT_BUNDLE_IDENTIFIER = "----.M4-c5";
				PRODUCT_NAME = "$(TARGET_NAME)";
				SWIFT_VERSION = 5.0;
				TARGETED_DEVICE_FAMILY = "1,2";
			};
			name = Debug;
		};
		E7DCB72926004C3000EA5613 /* Release */ = {
			isa = XCBuildConfiguration;
			buildSettings = {
				ASSETCATALOG_COMPILER_APPICON_NAME = AppIcon;
				ASSETCATALOG_COMPILER_GLOBAL_ACCENT_COLOR_NAME = AccentColor;
				CODE_SIGN_STYLE = Automatic;
				DEVELOPMENT_ASSET_PATHS = "\"M4.c5/Preview Content\"";
				DEVELOPMENT_TEAM = Y4YGY2HV5Y;
				ENABLE_PREVIEWS = YES;
				INFOPLIST_FILE = M4.c5/Info.plist;
				IPHONEOS_DEPLOYMENT_TARGET = 14.0;
				LD_RUNPATH_SEARCH_PATHS = (
					"$(inherited)",
					"@executable_path/Frameworks",
				);
				PRODUCT_BUNDLE_IDENTIFIER = "----.M4-c5";
				PRODUCT_NAME = "$(TARGET_NAME)";
				SWIFT_VERSION = 5.0;
				TARGETED_DEVICE_FAMILY = "1,2";
			};
			name = Release;
		};
/* End XCBuildConfiguration section */

/* Begin XCConfigurationList section */
		E7DCB71326004C2E00EA5613 /* Build configuration list for PBXProject "M4.c5" */ = {
			isa = XCConfigurationList;
			buildConfigurations = (
				E7DCB72526004C3000EA5613 /* Debug */,
				E7DCB72626004C3000EA5613 /* Release */,
			);
			defaultConfigurationIsVisible = 0;
			defaultConfigurationName = Release;
		};
		E7DCB72726004C3000EA5613 /* Build configuration list for PBXNativeTarget "M4.c5" */ = {
			isa = XCConfigurationList;
			buildConfigurations = (
				E7DCB72826004C3000EA5613 /* Debug */,
				E7DCB72926004C3000EA5613 /* Release */,
			);
			defaultConfigurationIsVisible = 0;
			defaultConfigurationName = Release;
		};
/* End XCConfigurationList section */
	};
	rootObject = E7DCB71026004C2E00EA5613 /* Project object */;
}
